
Microsoft Visual Studio Solution File, Format Version 12.00
# Visual Studio Version 17
VisualStudioVersion = 17.10.35122.118
MinimumVisualStudioVersion = 10.0.40219.1
Project("{F184B08F-C81C-45F6-A57F-5ABD9991F28F}") = "WebApplicationWORKS", "WebApplicationWORKS\WebApplicationWORKS.vbproj", "{697F24FB-610A-4E27-B975-8FB2FAC2864D}"
EndProject
Global
	GlobalSection(SolutionConfigurationPlatforms) = preSolution
		Debug|Any CPU = Debug|Any CPU
		Release|Any CPU = Release|Any CPU
	EndGlobalSection
	GlobalSection(ProjectConfigurationPlatforms) = postSolution
		{697F24FB-610A-4E27-B975-8FB2FAC2864D}.Debug|Any CPU.ActiveCfg = Debug|Any CPU
		{697F24FB-610A-4E27-B975-8FB2FAC2864D}.Debug|Any CPU.Build.0 = Debug|Any CPU
		{697F24FB-610A-4E27-B975-8FB2FAC2864D}.Release|Any CPU.ActiveCfg = Release|Any CPU
		{697F24FB-610A-4E27-B975-8FB2FAC2864D}.Release|Any CPU.Build.0 = Release|Any CPU
	EndGlobalSection
	GlobalSection(SolutionProperties) = preSolution
		HideSolutionNode = FALSE
	EndGlobalSection
	GlobalSection(ExtensibilityGlobals) = postSolution
		SolutionGuid = {21D79D12-D751-486E-995B-103C5ED115E9}
	EndGlobalSection
EndGlobal
